// !$*UTF8*$!
{
	archiveVersion = 1;
	classes = {
	};
	objectVersion = 50;
	objects = {

/* Begin PBXBuildFile section */
		DA0D69B22420F9E100ABD491 /* AppDelegate.swift in Sources */ = {isa = PBXBuildFile; fileRef = DA0D69B12420F9E100ABD491 /* AppDelegate.swift */; };
		DA0D69B42420F9E200ABD491 /* SceneDelegate.swift in Sources */ = {isa = PBXBuildFile; fileRef = DA0D69B32420F9E200ABD491 /* SceneDelegate.swift */; };
		DA0D69B62420F9E200ABD491 /* ViewController.swift in Sources */ = {isa = PBXBuildFile; fileRef = DA0D69B52420F9E200ABD491 /* ViewController.swift */; };
		DA0D69B92420F9E200ABD491 /* Main.storyboard in Resources */ = {isa = PBXBuildFile; fileRef = DA0D69B72420F9E200ABD491 /* Main.storyboard */; };
		DA0D69BB2420F9E300ABD491 /* Assets.xcassets in Resources */ = {isa = PBXBuildFile; fileRef = DA0D69BA2420F9E300ABD491 /* Assets.xcassets */; };
		DA0D69BE2420F9E300ABD491 /* LaunchScreen.storyboard in Resources */ = {isa = PBXBuildFile; fileRef = DA0D69BC2420F9E300ABD491 /* LaunchScreen.storyboard */; };
		DA0D69C92420F9E300ABD491 /* __Tests.swift in Sources */ = {isa = PBXBuildFile; fileRef = DA0D69C82420F9E300ABD491 /* __Tests.swift */; };
		DA0D69D42420F9E300ABD491 /* __UITests.swift in Sources */ = {isa = PBXBuildFile; fileRef = DA0D69D32420F9E300ABD491 /* __UITests.swift */; };
/* End PBXBuildFile section */

/* Begin PBXContainerItemProxy section */
		DA0D69C52420F9E300ABD491 /* PBXContainerItemProxy */ = {
			isa = PBXContainerItemProxy;
			containerPortal = DA0D69A62420F9E100ABD491 /* Project object */;
			proxyType = 1;
			remoteGlobalIDString = DA0D69AD2420F9E100ABD491;
			remoteInfo = "闭包";
		};
		DA0D69D02420F9E300ABD491 /* PBXContainerItemProxy */ = {
			isa = PBXContainerItemProxy;
			containerPortal = DA0D69A62420F9E100ABD491 /* Project object */;
			proxyType = 1;
			remoteGlobalIDString = DA0D69AD2420F9E100ABD491;
			remoteInfo = "闭包";
		};
/* End PBXContainerItemProxy section */

/* Begin PBXFileReference section */
		DA0D69AE2420F9E100ABD491 /* 闭包.app */ = {isa = PBXFileReference; explicitFileType = wrapper.application; includeInIndex = 0; path = "闭包.app"; sourceTree = BUILT_PRODUCTS_DIR; };
		DA0D69B12420F9E100ABD491 /* AppDelegate.swift */ = {isa = PBXFileReference; lastKnownFileType = sourcecode.swift; path = AppDelegate.swift; sourceTree = "<group>"; };
		DA0D69B32420F9E200ABD491 /* SceneDelegate.swift */ = {isa = PBXFileReference; lastKnownFileType = sourcecode.swift; path = SceneDelegate.swift; sourceTree = "<group>"; };
		DA0D69B52420F9E200ABD491 /* ViewController.swift */ = {isa = PBXFileReference; lastKnownFileType = sourcecode.swift; path = ViewController.swift; sourceTree = "<group>"; };
		DA0D69B82420F9E200ABD491 /* Base */ = {isa = PBXFileReference; lastKnownFileType = file.storyboard; name = Base; path = Base.lproj/Main.storyboard; sourceTree = "<group>"; };
		DA0D69BA2420F9E300ABD491 /* Assets.xcassets */ = {isa = PBXFileReference; lastKnownFileType = folder.assetcatalog; path = Assets.xcassets; sourceTree = "<group>"; };
		DA0D69BD2420F9E300ABD491 /* Base */ = {isa = PBXFileReference; lastKnownFileType = file.storyboard; name = Base; path = Base.lproj/LaunchScreen.storyboard; sourceTree = "<group>"; };
		DA0D69BF2420F9E300ABD491 /* Info.plist */ = {isa = PBXFileReference; lastKnownFileType = text.plist.xml; path = Info.plist; sourceTree = "<group>"; };
		DA0D69C42420F9E300ABD491 /* 闭包Tests.xctest */ = {isa = PBXFileReference; explicitFileType = wrapper.cfbundle; includeInIndex = 0; path = "闭包Tests.xctest"; sourceTree = BUILT_PRODUCTS_DIR; };
		DA0D69C82420F9E300ABD491 /* __Tests.swift */ = {isa = PBXFileReference; lastKnownFileType = sourcecode.swift; path = __Tests.swift; sourceTree = "<group>"; };
		DA0D69CA2420F9E300ABD491 /* Info.plist */ = {isa = PBXFileReference; lastKnownFileType = text.plist.xml; path = Info.plist; sourceTree = "<group>"; };
		DA0D69CF2420F9E300ABD491 /* 闭包UITests.xctest */ = {isa = PBXFileReference; explicitFileType = wrapper.cfbundle; includeInIndex = 0; path = "闭包UITests.xctest"; sourceTree = BUILT_PRODUCTS_DIR; };
		DA0D69D32420F9E300ABD491 /* __UITests.swift */ = {isa = PBXFileReference; lastKnownFileType = sourcecode.swift; path = __UITests.swift; sourceTree = "<group>"; };
		DA0D69D52420F9E300ABD491 /* Info.plist */ = {isa = PBXFileReference; lastKnownFileType = text.plist.xml; path = Info.plist; sourceTree = "<group>"; };
/* End PBXFileReference section */

/* Begin PBXFrameworksBuildPhase section */
		DA0D69AB2420F9E100ABD491 /* Frameworks */ = {
			isa = PBXFrameworksBuildPhase;
			buildActionMask = 2147483647;
			files = (
			);
			runOnlyForDeploymentPostprocessing = 0;
		};
		DA0D69C12420F9E300ABD491 /* Frameworks */ = {
			isa = PBXFrameworksBuildPhase;
			buildActionMask = 2147483647;
			files = (
			);
			runOnlyForDeploymentPostprocessing = 0;
		};
		DA0D69CC2420F9E300ABD491 /* Frameworks */ = {
			isa = PBXFrameworksBuildPhase;
			buildActionMask = 2147483647;
			files = (
			);
			runOnlyForDeploymentPostprocessing = 0;
		};
/* End PBXFrameworksBuildPhase section */

/* Begin PBXGroup section */
		DA0D69A52420F9E100ABD491 = {
			isa = PBXGroup;
			children = (
				DA0D69B02420F9E100ABD491 /* 闭包 */,
				DA0D69C72420F9E300ABD491 /* 闭包Tests */,
				DA0D69D22420F9E300ABD491 /* 闭包UITests */,
				DA0D69AF2420F9E100ABD491 /* Products */,
			);
			sourceTree = "<group>";
		};
		DA0D69AF2420F9E100ABD491 /* Products */ = {
			isa = PBXGroup;
			children = (
				DA0D69AE2420F9E100ABD491 /* 闭包.app */,
				DA0D69C42420F9E300ABD491 /* 闭包Tests.xctest */,
				DA0D69CF2420F9E300ABD491 /* 闭包UITests.xctest */,
			);
			name = Products;
			sourceTree = "<group>";
		};
		DA0D69B02420F9E100ABD491 /* 闭包 */ = {
			isa = PBXGroup;
			children = (
				DA0D69B12420F9E100ABD491 /* AppDelegate.swift */,
				DA0D69B32420F9E200ABD491 /* SceneDelegate.swift */,
				DA0D69B52420F9E200ABD491 /* ViewController.swift */,
				DA0D69B72420F9E200ABD491 /* Main.storyboard */,
				DA0D69BA2420F9E300ABD491 /* Assets.xcassets */,
				DA0D69BC2420F9E300ABD491 /* LaunchScreen.storyboard */,
				DA0D69BF2420F9E300ABD491 /* Info.plist */,
			);
			path = "闭包";
			sourceTree = "<group>";
		};
		DA0D69C72420F9E300ABD491 /* 闭包Tests */ = {
			isa = PBXGroup;
			children = (
				DA0D69C82420F9E300ABD491 /* __Tests.swift */,
				DA0D69CA2420F9E300ABD491 /* Info.plist */,
			);
			path = "闭包Tests";
			sourceTree = "<group>";
		};
		DA0D69D22420F9E300ABD491 /* 闭包UITests */ = {
			isa = PBXGroup;
			children = (
				DA0D69D32420F9E300ABD491 /* __UITests.swift */,
				DA0D69D52420F9E300ABD491 /* Info.plist */,
			);
			path = "闭包UITests";
			sourceTree = "<group>";
		};
/* End PBXGroup section */

/* Begin PBXNativeTarget section */
		DA0D69AD2420F9E100ABD491 /* 闭包 */ = {
			isa = PBXNativeTarget;
			buildConfigurationList = DA0D69D82420F9E300ABD491 /* Build configuration list for PBXNativeTarget "闭包" */;
			buildPhases = (
				DA0D69AA2420F9E100ABD491 /* Sources */,
				DA0D69AB2420F9E100ABD491 /* Frameworks */,
				DA0D69AC2420F9E100ABD491 /* Resources */,
			);
			buildRules = (
			);
			dependencies = (
			);
			name = "闭包";
			productName = "闭包";
			productReference = DA0D69AE2420F9E100ABD491 /* 闭包.app */;
			productType = "com.apple.product-type.application";
		};
		DA0D69C32420F9E300ABD491 /* 闭包Tests */ = {
			isa = PBXNativeTarget;
			buildConfigurationList = DA0D69DB2420F9E300ABD491 /* Build configuration list for PBXNativeTarget "闭包Tests" */;
			buildPhases = (
				DA0D69C02420F9E300ABD491 /* Sources */,
				DA0D69C12420F9E300ABD491 /* Frameworks */,
				DA0D69C22420F9E300ABD491 /* Resources */,
			);
			buildRules = (
			);
			dependencies = (
				DA0D69C62420F9E300ABD491 /* PBXTargetDependency */,
			);
			name = "闭包Tests";
			productName = "闭包Tests";
			productReference = DA0D69C42420F9E300ABD491 /* 闭包Tests.xctest */;
			productType = "com.apple.product-type.bundle.unit-test";
		};
		DA0D69CE2420F9E300ABD491 /* 闭包UITests */ = {
			isa = PBXNativeTarget;
			buildConfigurationList = DA0D69DE2420F9E300ABD491 /* Build configuration list for PBXNativeTarget "闭包UITests" */;
			buildPhases = (
				DA0D69CB2420F9E300ABD491 /* Sources */,
				DA0D69CC2420F9E300ABD491 /* Frameworks */,
				DA0D69CD2420F9E300ABD491 /* Resources */,
			);
			buildRules = (
			);
			dependencies = (
				DA0D69D12420F9E300ABD491 /* PBXTargetDependency */,
			);
			name = "闭包UITests";
			productName = "闭包UITests";
			productReference = DA0D69CF2420F9E300ABD491 /* 闭包UITests.xctest */;
			productType = "com.apple.product-type.bundle.ui-testing";
		};
/* End PBXNativeTarget section */

/* Begin PBXProject section */
		DA0D69A62420F9E100ABD491 /* Project object */ = {
			isa = PBXProject;
			attributes = {
				LastSwiftUpdateCheck = 1110;
				LastUpgradeCheck = 1110;
				ORGANIZATIONNAME = peipei;
				TargetAttributes = {
					DA0D69AD2420F9E100ABD491 = {
						CreatedOnToolsVersion = 11.1;
					};
					DA0D69C32420F9E300ABD491 = {
						CreatedOnToolsVersion = 11.1;
						TestTargetID = DA0D69AD2420F9E100ABD491;
					};
					DA0D69CE2420F9E300ABD491 = {
						CreatedOnToolsVersion = 11.1;
						TestTargetID = DA0D69AD2420F9E100ABD491;
					};
				};
			};
			buildConfigurationList = DA0D69A92420F9E100ABD491 /* Build configuration list for PBXProject "闭包" */;
			compatibilityVersion = "Xcode 9.3";
			developmentRegion = en;
			hasScannedForEncodings = 0;
			knownRegions = (
				en,
				Base,
			);
			mainGroup = DA0D69A52420F9E100ABD491;
			productRefGroup = DA0D69AF2420F9E100ABD491 /* Products */;
			projectDirPath = "";
			projectRoot = "";
			targets = (
				DA0D69AD2420F9E100ABD491 /* 闭包 */,
				DA0D69C32420F9E300ABD491 /* 闭包Tests */,
				DA0D69CE2420F9E300ABD491 /* 闭包UITests */,
			);
		};
/* End PBXProject section */

/* Begin PBXResourcesBuildPhase section */
		DA0D69AC2420F9E100ABD491 /* Resources */ = {
			isa = PBXResourcesBuildPhase;
			buildActionMask = 2147483647;
			files = (
				DA0D69BE2420F9E300ABD491 /* LaunchScreen.storyboard in Resources */,
				DA0D69BB2420F9E300ABD491 /* Assets.xcassets in Resources */,
				DA0D69B92420F9E200ABD491 /* Main.storyboard in Resources */,
			);
			runOnlyForDeploymentPostprocessing = 0;
		};
		DA0D69C22420F9E300ABD491 /* Resources */ = {
			isa = PBXResourcesBuildPhase;
			buildActionMask = 2147483647;
			files = (
			);
			runOnlyForDeploymentPostprocessing = 0;
		};
		DA0D69CD2420F9E300ABD491 /* Resources */ = {
			isa = PBXResourcesBuildPhase;
			buildActionMask = 2147483647;
			files = (
			);
			runOnlyForDeploymentPostprocessing = 0;
		};
/* End PBXResourcesBuildPhase section */

/* Begin PBXSourcesBuildPhase section */
		DA0D69AA2420F9E100ABD491 /* Sources */ = {
			isa = PBXSourcesBuildPhase;
			buildActionMask = 2147483647;
			files = (
				DA0D69B62420F9E200ABD491 /* ViewController.swift in Sources */,
				DA0D69B22420F9E100ABD491 /* AppDelegate.swift in Sources */,
				DA0D69B42420F9E200ABD491 /* SceneDelegate.swift in Sources */,
			);
			runOnlyForDeploymentPostprocessing = 0;
		};
		DA0D69C02420F9E300ABD491 /* Sources */ = {
			isa = PBXSourcesBuildPhase;
			buildActionMask = 2147483647;
			files = (
				DA0D69C92420F9E300ABD491 /* __Tests.swift in Sources */,
			);
			runOnlyForDeploymentPostprocessing = 0;
		};
		DA0D69CB2420F9E300ABD491 /* Sources */ = {
			isa = PBXSourcesBuildPhase;
			buildActionMask = 2147483647;
			files = (
				DA0D69D42420F9E300ABD491 /* __UITests.swift in Sources */,
			);
			runOnlyForDeploymentPostprocessing = 0;
		};
/* End PBXSourcesBuildPhase section */

/* Begin PBXTargetDependency section */
		DA0D69C62420F9E300ABD491 /* PBXTargetDependency */ = {
			isa = PBXTargetDependency;
			target = DA0D69AD2420F9E100ABD491 /* 闭包 */;
			targetProxy = DA0D69C52420F9E300ABD491 /* PBXContainerItemProxy */;
		};
		DA0D69D12420F9E300ABD491 /* PBXTargetDependency */ = {
			isa = PBXTargetDependency;
			target = DA0D69AD2420F9E100ABD491 /* 闭包 */;
			targetProxy = DA0D69D02420F9E300ABD491 /* PBXContainerItemProxy */;
		};
/* End PBXTargetDependency section */

/* Begin PBXVariantGroup section */
		DA0D69B72420F9E200ABD491 /* Main.storyboard */ = {
			isa = PBXVariantGroup;
			children = (
				DA0D69B82420F9E200ABD491 /* Base */,
			);
			name = Main.storyboard;
			sourceTree = "<group>";
		};
		DA0D69BC2420F9E300ABD491 /* LaunchScreen.storyboard */ = {
			isa = PBXVariantGroup;
			children = (
				DA0D69BD2420F9E300ABD491 /* Base */,
			);
			name = LaunchScreen.storyboard;
			sourceTree = "<group>";
		};
/* End PBXVariantGroup section */

/* Begin XCBuildConfiguration section */
		DA0D69D62420F9E300ABD491 /* Debug */ = {
			isa = XCBuildConfiguration;
			buildSettings = {
				ALWAYS_SEARCH_USER_PATHS = NO;
				CLANG_ANALYZER_NONNULL = YES;
				CLANG_ANALYZER_NUMBER_OBJECT_CONVERSION = YES_AGGRESSIVE;
				CLANG_CXX_LANGUAGE_STANDARD = "gnu++14";
				CLANG_CXX_LIBRARY = "libc++";
				CLANG_ENABLE_MODULES = YES;
				CLANG_ENABLE_OBJC_ARC = YES;
				CLANG_ENABLE_OBJC_WEAK = YES;
				CLANG_WARN_BLOCK_CAPTURE_AUTORELEASING = YES;
				CLANG_WARN_BOOL_CONVERSION = YES;
				CLANG_WARN_COMMA = YES;
				CLANG_WARN_CONSTANT_CONVERSION = YES;
				CLANG_WARN_DEPRECATED_OBJC_IMPLEMENTATIONS = YES;
				CLANG_WARN_DIRECT_OBJC_ISA_USAGE = YES_ERROR;
				CLANG_WARN_DOCUMENTATION_COMMENTS = YES;
				CLANG_WARN_EMPTY_BODY = YES;
				CLANG_WARN_ENUM_CONVERSION = YES;
				CLANG_WARN_INFINITE_RECURSION = YES;
				CLANG_WARN_INT_CONVERSION = YES;
				CLANG_WARN_NON_LITERAL_NULL_CONVERSION = YES;
				CLANG_WARN_OBJC_IMPLICIT_RETAIN_SELF = YES;
				CLANG_WARN_OBJC_LITERAL_CONVERSION = YES;
				CLANG_WARN_OBJC_ROOT_CLASS = YES_ERROR;
				CLANG_WARN_RANGE_LOOP_ANALYSIS = YES;
				CLANG_WARN_STRICT_PROTOTYPES = YES;
				CLANG_WARN_SUSPICIOUS_MOVE = YES;
				CLANG_WARN_UNGUARDED_AVAILABILITY = YES_AGGRESSIVE;
				CLANG_WARN_UNREACHABLE_CODE = YES;
				CLANG_WARN__DUPLICATE_METHOD_MATCH = YES;
				COPY_PHASE_STRIP = NO;
				DEBUG_INFORMATION_FORMAT = dwarf;
				ENABLE_STRICT_OBJC_MSGSEND = YES;
				ENABLE_TESTABILITY = YES;
				GCC_C_LANGUAGE_STANDARD = gnu11;
				GCC_DYNAMIC_NO_PIC = NO;
				GCC_NO_COMMON_BLOCKS = YES;
				GCC_OPTIMIZATION_LEVEL = 0;
				GCC_PREPROCESSOR_DEFINITIONS = (
					"DEBUG=1",
					"$(inherited)",
				);
				GCC_WARN_64_TO_32_BIT_CONVERSION = YES;
				GCC_WARN_ABOUT_RETURN_TYPE = YES_ERROR;
				GCC_WARN_UNDECLARED_SELECTOR = YES;
				GCC_WARN_UNINITIALIZED_AUTOS = YES_AGGRESSIVE;
				GCC_WARN_UNUSED_FUNCTION = YES;
				GCC_WARN_UNUSED_VARIABLE = YES;
				IPHONEOS_DEPLOYMENT_TARGET = 13.1;
				MTL_ENABLE_DEBUG_INFO = INCLUDE_SOURCE;
				MTL_FAST_MATH = YES;
				ONLY_ACTIVE_ARCH = YES;
				SDKROOT = iphoneos;
				SWIFT_ACTIVE_COMPILATION_CONDITIONS = DEBUG;
				SWIFT_OPTIMIZATION_LEVEL = "-Onone";
			};
			name = Debug;
		};
		DA0D69D72420F9E300ABD491 /* Release */ = {
			isa = XCBuildConfiguration;
			buildSettings = {
				ALWAYS_SEARCH_USER_PATHS = NO;
				CLANG_ANALYZER_NONNULL = YES;
				CLANG_ANALYZER_NUMBER_OBJECT_CONVERSION = YES_AGGRESSIVE;
				CLANG_CXX_LANGUAGE_STANDARD = "gnu++14";
				CLANG_CXX_LIBRARY = "libc++";
				CLANG_ENABLE_MODULES = YES;
				CLANG_ENABLE_OBJC_ARC = YES;
				CLANG_ENABLE_OBJC_WEAK = YES;
				CLANG_WARN_BLOCK_CAPTURE_AUTORELEASING = YES;
				CLANG_WARN_BOOL_CONVERSION = YES;
				CLANG_WARN_COMMA = YES;
				CLANG_WARN_CONSTANT_CONVERSION = YES;
				CLANG_WARN_DEPRECATED_OBJC_IMPLEMENTATIONS = YES;
				CLANG_WARN_DIRECT_OBJC_ISA_USAGE = YES_ERROR;
				CLANG_WARN_DOCUMENTATION_COMMENTS = YES;
				CLANG_WARN_EMPTY_BODY = YES;
				CLANG_WARN_ENUM_CONVERSION = YES;
				CLANG_WARN_INFINITE_RECURSION = YES;
				CLANG_WARN_INT_CONVERSION = YES;
				CLANG_WARN_NON_LITERAL_NULL_CONVERSION = YES;
				CLANG_WARN_OBJC_IMPLICIT_RETAIN_SELF = YES;
				CLANG_WARN_OBJC_LITERAL_CONVERSION = YES;
				CLANG_WARN_OBJC_ROOT_CLASS = YES_ERROR;
				CLANG_WARN_RANGE_LOOP_ANALYSIS = YES;
				CLANG_WARN_STRICT_PROTOTYPES = YES;
				CLANG_WARN_SUSPICIOUS_MOVE = YES;
				CLANG_WARN_UNGUARDED_AVAILABILITY = YES_AGGRESSIVE;
				CLANG_WARN_UNREACHABLE_CODE = YES;
				CLANG_WARN__DUPLICATE_METHOD_MATCH = YES;
				COPY_PHASE_STRIP = NO;
				DEBUG_INFORMATION_FORMAT = "dwarf-with-dsym";
				ENABLE_NS_ASSERTIONS = NO;
				ENABLE_STRICT_OBJC_MSGSEND = YES;
				GCC_C_LANGUAGE_STANDARD = gnu11;
				GCC_NO_COMMON_BLOCKS = YES;
				GCC_WARN_64_TO_32_BIT_CONVERSION = YES;
				GCC_WARN_ABOUT_RETURN_TYPE = YES_ERROR;
				GCC_WARN_UNDECLARED_SELECTOR = YES;
				GCC_WARN_UNINITIALIZED_AUTOS = YES_AGGRESSIVE;
				GCC_WARN_UNUSED_FUNCTION = YES;
				GCC_WARN_UNUSED_VARIABLE = YES;
				IPHONEOS_DEPLOYMENT_TARGET = 13.1;
				MTL_ENABLE_DEBUG_INFO = NO;
				MTL_FAST_MATH = YES;
				SDKROOT = iphoneos;
				SWIFT_COMPILATION_MODE = wholemodule;
				SWIFT_OPTIMIZATION_LEVEL = "-O";
				VALIDATE_PRODUCT = YES;
			};
			name = Release;
		};
		DA0D69D92420F9E300ABD491 /* Debug */ = {
			isa = XCBuildConfiguration;
			buildSettings = {
				ASSETCATALOG_COMPILER_APPICON_NAME = AppIcon;
				CODE_SIGN_STYLE = Automatic;
				INFOPLIST_FILE = "闭包/Info.plist";
				LD_RUNPATH_SEARCH_PATHS = (
					"$(inherited)",
					"@executable_path/Frameworks",
				);
				PRODUCT_BUNDLE_IDENTIFIER = "cn.peiwenqin.--";
				PRODUCT_NAME = "$(TARGET_NAME)";
				SWIFT_VERSION = 5.0;
				TARGETED_DEVICE_FAMILY = "1,2";
			};
			name = Debug;
		};
		DA0D69DA2420F9E300ABD491 /* Release */ = {
			isa = XCBuildConfiguration;
			buildSettings = {
				ASSETCATALOG_COMPILER_APPICON_NAME = AppIcon;
				CODE_SIGN_STYLE = Automatic;
				INFOPLIST_FILE = "闭包/Info.plist";
				LD_RUNPATH_SEARCH_PATHS = (
					"$(inherited)",
					"@executable_path/Frameworks",
				);
				PRODUCT_BUNDLE_IDENTIFIER = "cn.peiwenqin.--";
				PRODUCT_NAME = "$(TARGET_NAME)";
				SWIFT_VERSION = 5.0;
				TARGETED_DEVICE_FAMILY = "1,2";
			};
			name = Release;
		};
		DA0D69DC2420F9E300ABD491 /* Debug */ = {
			isa = XCBuildConfiguration;
			buildSettings = {
				ALWAYS_EMBED_SWIFT_STANDARD_LIBRARIES = YES;
				BUNDLE_LOADER = "$(TEST_HOST)";
				CODE_SIGN_STYLE = Automatic;
				INFOPLIST_FILE = "闭包Tests/Info.plist";
				IPHONEOS_DEPLOYMENT_TARGET = 13.1;
				LD_RUNPATH_SEARCH_PATHS = (
					"$(inherited)",
					"@executable_path/Frameworks",
					"@loader_path/Frameworks",
				);
				PRODUCT_BUNDLE_IDENTIFIER = "cn.peiwenqin.--Tests";
				PRODUCT_NAME = "$(TARGET_NAME)";
				SWIFT_VERSION = 5.0;
				TARGETED_DEVICE_FAMILY = "1,2";
				TEST_HOST = "$(BUILT_PRODUCTS_DIR)/闭包.app/闭包";
			};
			name = Debug;
		};
		DA0D69DD2420F9E300ABD491 /* Release */ = {
			isa = XCBuildConfiguration;
			buildSettings = {
				ALWAYS_EMBED_SWIFT_STANDARD_LIBRARIES = YES;
				BUNDLE_LOADER = "$(TEST_HOST)";
				CODE_SIGN_STYLE = Automatic;
				INFOPLIST_FILE = "闭包Tests/Info.plist";
				IPHONEOS_DEPLOYMENT_TARGET = 13.1;
				LD_RUNPATH_SEARCH_PATHS = (
					"$(inherited)",
					"@executable_path/Frameworks",
					"@loader_path/Frameworks",
				);
				PRODUCT_BUNDLE_IDENTIFIER = "cn.peiwenqin.--Tests";
				PRODUCT_NAME = "$(TARGET_NAME)";
				SWIFT_VERSION = 5.0;
				TARGETED_DEVICE_FAMILY = "1,2";
				TEST_HOST = "$(BUILT_PRODUCTS_DIR)/闭包.app/闭包";
			};
			name = Release;
		};
		DA0D69DF2420F9E300ABD491 /* Debug */ = {
			isa = XCBuildConfiguration;
			buildSettings = {
				ALWAYS_EMBED_SWIFT_STANDARD_LIBRARIES = YES;
				CODE_SIGN_STYLE = Automatic;
				INFOPLIST_FILE = "闭包UITests/Info.plist";
				LD_RUNPATH_SEARCH_PATHS = (
					"$(inherited)",
					"@executable_path/Frameworks",
					"@loader_path/Frameworks",
				);
				PRODUCT_BUNDLE_IDENTIFIER = "cn.peiwenqin.--UITests";
				PRODUCT_NAME = "$(TARGET_NAME)";
				SWIFT_VERSION = 5.0;
				TARGETED_DEVICE_FAMILY = "1,2";
				TEST_TARGET_NAME = "闭包";
			};
			name = Debug;
		};
		DA0D69E02420F9E300ABD491 /* Release */ = {
			isa = XCBuildConfiguration;
			buildSettings = {
				ALWAYS_EMBED_SWIFT_STANDARD_LIBRARIES = YES;
				CODE_SIGN_STYLE = Automatic;
				INFOPLIST_FILE = "闭包UITests/Info.plist";
				LD_RUNPATH_SEARCH_PATHS = (
					"$(inherited)",
					"@executable_path/Frameworks",
					"@loader_path/Frameworks",
				);
				PRODUCT_BUNDLE_IDENTIFIER = "cn.peiwenqin.--UITests";
				PRODUCT_NAME = "$(TARGET_NAME)";
				SWIFT_VERSION = 5.0;
				TARGETED_DEVICE_FAMILY = "1,2";
				TEST_TARGET_NAME = "闭包";
			};
			name = Release;
		};
/* End XCBuildConfiguration section */

/* Begin XCConfigurationList section */
		DA0D69A92420F9E100ABD491 /* Build configuration list for PBXProject "闭包" */ = {
			isa = XCConfigurationList;
			buildConfigurations = (
				DA0D69D62420F9E300ABD491 /* Debug */,
				DA0D69D72420F9E300ABD491 /* Release */,
			);
			defaultConfigurationIsVisible = 0;
			defaultConfigurationName = Release;
		};
		DA0D69D82420F9E300ABD491 /* Build configuration list for PBXNativeTarget "闭包" */ = {
			isa = XCConfigurationList;
			buildConfigurations = (
				DA0D69D92420F9E300ABD491 /* Debug */,
				DA0D69DA2420F9E300ABD491 /* Release */,
			);
			defaultConfigurationIsVisible = 0;
			defaultConfigurationName = Release;
		};
		DA0D69DB2420F9E300ABD491 /* Build configuration list for PBXNativeTarget "闭包Tests" */ = {
			isa = XCConfigurationList;
			buildConfigurations = (
				DA0D69DC2420F9E300ABD491 /* Debug */,
				DA0D69DD2420F9E300ABD491 /* Release */,
			);
			defaultConfigurationIsVisible = 0;
			defaultConfigurationName = Release;
		};
		DA0D69DE2420F9E300ABD491 /* Build configuration list for PBXNativeTarget "闭包UITests" */ = {
			isa = XCConfigurationList;
			buildConfigurations = (
				DA0D69DF2420F9E300ABD491 /* Debug */,
				DA0D69E02420F9E300ABD491 /* Release */,
			);
			defaultConfigurationIsVisible = 0;
			defaultConfigurationName = Release;
		};
/* End XCConfigurationList section */
	};
	rootObject = DA0D69A62420F9E100ABD491 /* Project object */;
}
