// !$*UTF8*$!
{
	archiveVersion = 1;
	classes = {
	};
	objectVersion = 50;
	objects = {

/* Begin PBXBuildFile section */
		DA29EC02241FB09D002E4900 /* AppDelegate.m in Sources */ = {isa = PBXBuildFile; fileRef = DA29EC01241FB09D002E4900 /* AppDelegate.m */; };
		DA29EC05241FB09D002E4900 /* SceneDelegate.m in Sources */ = {isa = PBXBuildFile; fileRef = DA29EC04241FB09D002E4900 /* SceneDelegate.m */; };
		DA29EC08241FB09D002E4900 /* ViewController.m in Sources */ = {isa = PBXBuildFile; fileRef = DA29EC07241FB09D002E4900 /* ViewController.m */; };
		DA29EC0B241FB09D002E4900 /* Main.storyboard in Resources */ = {isa = PBXBuildFile; fileRef = DA29EC09241FB09D002E4900 /* Main.storyboard */; };
		DA29EC0D241FB09D002E4900 /* Assets.xcassets in Resources */ = {isa = PBXBuildFile; fileRef = DA29EC0C241FB09D002E4900 /* Assets.xcassets */; };
		DA29EC10241FB09D002E4900 /* LaunchScreen.storyboard in Resources */ = {isa = PBXBuildFile; fileRef = DA29EC0E241FB09D002E4900 /* LaunchScreen.storyboard */; };
		DA29EC13241FB09D002E4900 /* main.m in Sources */ = {isa = PBXBuildFile; fileRef = DA29EC12241FB09D002E4900 /* main.m */; };
		DA29EC1D241FB09E002E4900 /* RunTime_msgsendTests.m in Sources */ = {isa = PBXBuildFile; fileRef = DA29EC1C241FB09E002E4900 /* RunTime_msgsendTests.m */; };
		DA29EC28241FB09E002E4900 /* RunTime_msgsendUITests.m in Sources */ = {isa = PBXBuildFile; fileRef = DA29EC27241FB09E002E4900 /* RunTime_msgsendUITests.m */; };
		DA29EC44241FB15C002E4900 /* Animal.m in Sources */ = {isa = PBXBuildFile; fileRef = DA29EC3E241FB15C002E4900 /* Animal.m */; };
		DA29EC45241FB15C002E4900 /* OtherObject.m in Sources */ = {isa = PBXBuildFile; fileRef = DA29EC40241FB15C002E4900 /* OtherObject.m */; };
		DA29EC46241FB15C002E4900 /* Cat.m in Sources */ = {isa = PBXBuildFile; fileRef = DA29EC43241FB15C002E4900 /* Cat.m */; };
/* End PBXBuildFile section */

/* Begin PBXContainerItemProxy section */
		DA29EC19241FB09D002E4900 /* PBXContainerItemProxy */ = {
			isa = PBXContainerItemProxy;
			containerPortal = DA29EBF5241FB09D002E4900 /* Project object */;
			proxyType = 1;
			remoteGlobalIDString = DA29EBFC241FB09D002E4900;
			remoteInfo = "RunTime-msgsend";
		};
		DA29EC24241FB09E002E4900 /* PBXContainerItemProxy */ = {
			isa = PBXContainerItemProxy;
			containerPortal = DA29EBF5241FB09D002E4900 /* Project object */;
			proxyType = 1;
			remoteGlobalIDString = DA29EBFC241FB09D002E4900;
			remoteInfo = "RunTime-msgsend";
		};
/* End PBXContainerItemProxy section */

/* Begin PBXFileReference section */
		DA29EBFD241FB09D002E4900 /* RunTime-msgsend.app */ = {isa = PBXFileReference; explicitFileType = wrapper.application; includeInIndex = 0; path = "RunTime-msgsend.app"; sourceTree = BUILT_PRODUCTS_DIR; };
		DA29EC00241FB09D002E4900 /* AppDelegate.h */ = {isa = PBXFileReference; lastKnownFileType = sourcecode.c.h; path = AppDelegate.h; sourceTree = "<group>"; };
		DA29EC01241FB09D002E4900 /* AppDelegate.m */ = {isa = PBXFileReference; lastKnownFileType = sourcecode.c.objc; path = AppDelegate.m; sourceTree = "<group>"; };
		DA29EC03241FB09D002E4900 /* SceneDelegate.h */ = {isa = PBXFileReference; lastKnownFileType = sourcecode.c.h; path = SceneDelegate.h; sourceTree = "<group>"; };
		DA29EC04241FB09D002E4900 /* SceneDelegate.m */ = {isa = PBXFileReference; lastKnownFileType = sourcecode.c.objc; path = SceneDelegate.m; sourceTree = "<group>"; };
		DA29EC06241FB09D002E4900 /* ViewController.h */ = {isa = PBXFileReference; lastKnownFileType = sourcecode.c.h; path = ViewController.h; sourceTree = "<group>"; };
		DA29EC07241FB09D002E4900 /* ViewController.m */ = {isa = PBXFileReference; lastKnownFileType = sourcecode.c.objc; path = ViewController.m; sourceTree = "<group>"; };
		DA29EC0A241FB09D002E4900 /* Base */ = {isa = PBXFileReference; lastKnownFileType = file.storyboard; name = Base; path = Base.lproj/Main.storyboard; sourceTree = "<group>"; };
		DA29EC0C241FB09D002E4900 /* Assets.xcassets */ = {isa = PBXFileReference; lastKnownFileType = folder.assetcatalog; path = Assets.xcassets; sourceTree = "<group>"; };
		DA29EC0F241FB09D002E4900 /* Base */ = {isa = PBXFileReference; lastKnownFileType = file.storyboard; name = Base; path = Base.lproj/LaunchScreen.storyboard; sourceTree = "<group>"; };
		DA29EC11241FB09D002E4900 /* Info.plist */ = {isa = PBXFileReference; lastKnownFileType = text.plist.xml; path = Info.plist; sourceTree = "<group>"; };
		DA29EC12241FB09D002E4900 /* main.m */ = {isa = PBXFileReference; lastKnownFileType = sourcecode.c.objc; path = main.m; sourceTree = "<group>"; };
		DA29EC18241FB09D002E4900 /* RunTime-msgsendTests.xctest */ = {isa = PBXFileReference; explicitFileType = wrapper.cfbundle; includeInIndex = 0; path = "RunTime-msgsendTests.xctest"; sourceTree = BUILT_PRODUCTS_DIR; };
		DA29EC1C241FB09E002E4900 /* RunTime_msgsendTests.m */ = {isa = PBXFileReference; lastKnownFileType = sourcecode.c.objc; path = RunTime_msgsendTests.m; sourceTree = "<group>"; };
		DA29EC1E241FB09E002E4900 /* Info.plist */ = {isa = PBXFileReference; lastKnownFileType = text.plist.xml; path = Info.plist; sourceTree = "<group>"; };
		DA29EC23241FB09E002E4900 /* RunTime-msgsendUITests.xctest */ = {isa = PBXFileReference; explicitFileType = wrapper.cfbundle; includeInIndex = 0; path = "RunTime-msgsendUITests.xctest"; sourceTree = BUILT_PRODUCTS_DIR; };
		DA29EC27241FB09E002E4900 /* RunTime_msgsendUITests.m */ = {isa = PBXFileReference; lastKnownFileType = sourcecode.c.objc; path = RunTime_msgsendUITests.m; sourceTree = "<group>"; };
		DA29EC29241FB09E002E4900 /* Info.plist */ = {isa = PBXFileReference; lastKnownFileType = text.plist.xml; path = Info.plist; sourceTree = "<group>"; };
		DA29EC3E241FB15C002E4900 /* Animal.m */ = {isa = PBXFileReference; fileEncoding = 4; lastKnownFileType = sourcecode.c.objc; path = Animal.m; sourceTree = "<group>"; };
		DA29EC3F241FB15C002E4900 /* Cat.h */ = {isa = PBXFileReference; fileEncoding = 4; lastKnownFileType = sourcecode.c.h; path = Cat.h; sourceTree = "<group>"; };
		DA29EC40241FB15C002E4900 /* OtherObject.m */ = {isa = PBXFileReference; fileEncoding = 4; lastKnownFileType = sourcecode.c.objc; path = OtherObject.m; sourceTree = "<group>"; };
		DA29EC41241FB15C002E4900 /* OtherObject.h */ = {isa = PBXFileReference; fileEncoding = 4; lastKnownFileType = sourcecode.c.h; path = OtherObject.h; sourceTree = "<group>"; };
		DA29EC42241FB15C002E4900 /* Animal.h */ = {isa = PBXFileReference; fileEncoding = 4; lastKnownFileType = sourcecode.c.h; path = Animal.h; sourceTree = "<group>"; };
		DA29EC43241FB15C002E4900 /* Cat.m */ = {isa = PBXFileReference; fileEncoding = 4; lastKnownFileType = sourcecode.c.objc; path = Cat.m; sourceTree = "<group>"; };
/* End PBXFileReference section */

/* Begin PBXFrameworksBuildPhase section */
		DA29EBFA241FB09D002E4900 /* Frameworks */ = {
			isa = PBXFrameworksBuildPhase;
			buildActionMask = 2147483647;
			files = (
			);
			runOnlyForDeploymentPostprocessing = 0;
		};
		DA29EC15241FB09D002E4900 /* Frameworks */ = {
			isa = PBXFrameworksBuildPhase;
			buildActionMask = 2147483647;
			files = (
			);
			runOnlyForDeploymentPostprocessing = 0;
		};
		DA29EC20241FB09E002E4900 /* Frameworks */ = {
			isa = PBXFrameworksBuildPhase;
			buildActionMask = 2147483647;
			files = (
			);
			runOnlyForDeploymentPostprocessing = 0;
		};
/* End PBXFrameworksBuildPhase section */

/* Begin PBXGroup section */
		DA29EBF4241FB09D002E4900 = {
			isa = PBXGroup;
			children = (
				DA29EBFF241FB09D002E4900 /* RunTime-msgsend */,
				DA29EC1B241FB09E002E4900 /* RunTime-msgsendTests */,
				DA29EC26241FB09E002E4900 /* RunTime-msgsendUITests */,
				DA29EBFE241FB09D002E4900 /* Products */,
			);
			sourceTree = "<group>";
		};
		DA29EBFE241FB09D002E4900 /* Products */ = {
			isa = PBXGroup;
			children = (
				DA29EBFD241FB09D002E4900 /* RunTime-msgsend.app */,
				DA29EC18241FB09D002E4900 /* RunTime-msgsendTests.xctest */,
				DA29EC23241FB09E002E4900 /* RunTime-msgsendUITests.xctest */,
			);
			name = Products;
			sourceTree = "<group>";
		};
		DA29EBFF241FB09D002E4900 /* RunTime-msgsend */ = {
			isa = PBXGroup;
			children = (
				DA29EC00241FB09D002E4900 /* AppDelegate.h */,
				DA29EC01241FB09D002E4900 /* AppDelegate.m */,
				DA29EC0C241FB09D002E4900 /* Assets.xcassets */,
				DA29EC06241FB09D002E4900 /* ViewController.h */,
				DA29EC07241FB09D002E4900 /* ViewController.m */,
				DA29EC3F241FB15C002E4900 /* Cat.h */,
				DA29EC43241FB15C002E4900 /* Cat.m */,
				DA29EC42241FB15C002E4900 /* Animal.h */,
				DA29EC3E241FB15C002E4900 /* Animal.m */,
				DA29EC41241FB15C002E4900 /* OtherObject.h */,
				DA29EC40241FB15C002E4900 /* OtherObject.m */,
				DA29EC11241FB09D002E4900 /* Info.plist */,
				DA29EC0E241FB09D002E4900 /* LaunchScreen.storyboard */,
				DA29EC12241FB09D002E4900 /* main.m */,
				DA29EC09241FB09D002E4900 /* Main.storyboard */,
				DA29EC03241FB09D002E4900 /* SceneDelegate.h */,
				DA29EC04241FB09D002E4900 /* SceneDelegate.m */,
			);
			path = "RunTime-msgsend";
			sourceTree = "<group>";
		};
		DA29EC1B241FB09E002E4900 /* RunTime-msgsendTests */ = {
			isa = PBXGroup;
			children = (
				DA29EC1C241FB09E002E4900 /* RunTime_msgsendTests.m */,
				DA29EC1E241FB09E002E4900 /* Info.plist */,
			);
			path = "RunTime-msgsendTests";
			sourceTree = "<group>";
		};
		DA29EC26241FB09E002E4900 /* RunTime-msgsendUITests */ = {
			isa = PBXGroup;
			children = (
				DA29EC27241FB09E002E4900 /* RunTime_msgsendUITests.m */,
				DA29EC29241FB09E002E4900 /* Info.plist */,
			);
			path = "RunTime-msgsendUITests";
			sourceTree = "<group>";
		};
/* End PBXGroup section */

/* Begin PBXNativeTarget section */
		DA29EBFC241FB09D002E4900 /* RunTime-msgsend */ = {
			isa = PBXNativeTarget;
			buildConfigurationList = DA29EC2C241FB09E002E4900 /* Build configuration list for PBXNativeTarget "RunTime-msgsend" */;
			buildPhases = (
				DA29EBF9241FB09D002E4900 /* Sources */,
				DA29EBFA241FB09D002E4900 /* Frameworks */,
				DA29EBFB241FB09D002E4900 /* Resources */,
			);
			buildRules = (
			);
			dependencies = (
			);
			name = "RunTime-msgsend";
			productName = "RunTime-msgsend";
			productReference = DA29EBFD241FB09D002E4900 /* RunTime-msgsend.app */;
			productType = "com.apple.product-type.application";
		};
		DA29EC17241FB09D002E4900 /* RunTime-msgsendTests */ = {
			isa = PBXNativeTarget;
			buildConfigurationList = DA29EC2F241FB09E002E4900 /* Build configuration list for PBXNativeTarget "RunTime-msgsendTests" */;
			buildPhases = (
				DA29EC14241FB09D002E4900 /* Sources */,
				DA29EC15241FB09D002E4900 /* Frameworks */,
				DA29EC16241FB09D002E4900 /* Resources */,
			);
			buildRules = (
			);
			dependencies = (
				DA29EC1A241FB09D002E4900 /* PBXTargetDependency */,
			);
			name = "RunTime-msgsendTests";
			productName = "RunTime-msgsendTests";
			productReference = DA29EC18241FB09D002E4900 /* RunTime-msgsendTests.xctest */;
			productType = "com.apple.product-type.bundle.unit-test";
		};
		DA29EC22241FB09E002E4900 /* RunTime-msgsendUITests */ = {
			isa = PBXNativeTarget;
			buildConfigurationList = DA29EC32241FB09E002E4900 /* Build configuration list for PBXNativeTarget "RunTime-msgsendUITests" */;
			buildPhases = (
				DA29EC1F241FB09E002E4900 /* Sources */,
				DA29EC20241FB09E002E4900 /* Frameworks */,
				DA29EC21241FB09E002E4900 /* Resources */,
			);
			buildRules = (
			);
			dependencies = (
				DA29EC25241FB09E002E4900 /* PBXTargetDependency */,
			);
			name = "RunTime-msgsendUITests";
			productName = "RunTime-msgsendUITests";
			productReference = DA29EC23241FB09E002E4900 /* RunTime-msgsendUITests.xctest */;
			productType = "com.apple.product-type.bundle.ui-testing";
		};
/* End PBXNativeTarget section */

/* Begin PBXProject section */
		DA29EBF5241FB09D002E4900 /* Project object */ = {
			isa = PBXProject;
			attributes = {
				LastUpgradeCheck = 1110;
				ORGANIZATIONNAME = peipei;
				TargetAttributes = {
					DA29EBFC241FB09D002E4900 = {
						CreatedOnToolsVersion = 11.1;
					};
					DA29EC17241FB09D002E4900 = {
						CreatedOnToolsVersion = 11.1;
						TestTargetID = DA29EBFC241FB09D002E4900;
					};
					DA29EC22241FB09E002E4900 = {
						CreatedOnToolsVersion = 11.1;
						TestTargetID = DA29EBFC241FB09D002E4900;
					};
				};
			};
			buildConfigurationList = DA29EBF8241FB09D002E4900 /* Build configuration list for PBXProject "RunTime-msgsend" */;
			compatibilityVersion = "Xcode 9.3";
			developmentRegion = en;
			hasScannedForEncodings = 0;
			knownRegions = (
				en,
				Base,
			);
			mainGroup = DA29EBF4241FB09D002E4900;
			productRefGroup = DA29EBFE241FB09D002E4900 /* Products */;
			projectDirPath = "";
			projectRoot = "";
			targets = (
				DA29EBFC241FB09D002E4900 /* RunTime-msgsend */,
				DA29EC17241FB09D002E4900 /* RunTime-msgsendTests */,
				DA29EC22241FB09E002E4900 /* RunTime-msgsendUITests */,
			);
		};
/* End PBXProject section */

/* Begin PBXResourcesBuildPhase section */
		DA29EBFB241FB09D002E4900 /* Resources */ = {
			isa = PBXResourcesBuildPhase;
			buildActionMask = 2147483647;
			files = (
				DA29EC10241FB09D002E4900 /* LaunchScreen.storyboard in Resources */,
				DA29EC0D241FB09D002E4900 /* Assets.xcassets in Resources */,
				DA29EC0B241FB09D002E4900 /* Main.storyboard in Resources */,
			);
			runOnlyForDeploymentPostprocessing = 0;
		};
		DA29EC16241FB09D002E4900 /* Resources */ = {
			isa = PBXResourcesBuildPhase;
			buildActionMask = 2147483647;
			files = (
			);
			runOnlyForDeploymentPostprocessing = 0;
		};
		DA29EC21241FB09E002E4900 /* Resources */ = {
			isa = PBXResourcesBuildPhase;
			buildActionMask = 2147483647;
			files = (
			);
			runOnlyForDeploymentPostprocessing = 0;
		};
/* End PBXResourcesBuildPhase section */

/* Begin PBXSourcesBuildPhase section */
		DA29EBF9241FB09D002E4900 /* Sources */ = {
			isa = PBXSourcesBuildPhase;
			buildActionMask = 2147483647;
			files = (
				DA29EC08241FB09D002E4900 /* ViewController.m in Sources */,
				DA29EC02241FB09D002E4900 /* AppDelegate.m in Sources */,
				DA29EC13241FB09D002E4900 /* main.m in Sources */,
				DA29EC46241FB15C002E4900 /* Cat.m in Sources */,
				DA29EC44241FB15C002E4900 /* Animal.m in Sources */,
				DA29EC45241FB15C002E4900 /* OtherObject.m in Sources */,
				DA29EC05241FB09D002E4900 /* SceneDelegate.m in Sources */,
			);
			runOnlyForDeploymentPostprocessing = 0;
		};
		DA29EC14241FB09D002E4900 /* Sources */ = {
			isa = PBXSourcesBuildPhase;
			buildActionMask = 2147483647;
			files = (
				DA29EC1D241FB09E002E4900 /* RunTime_msgsendTests.m in Sources */,
			);
			runOnlyForDeploymentPostprocessing = 0;
		};
		DA29EC1F241FB09E002E4900 /* Sources */ = {
			isa = PBXSourcesBuildPhase;
			buildActionMask = 2147483647;
			files = (
				DA29EC28241FB09E002E4900 /* RunTime_msgsendUITests.m in Sources */,
			);
			runOnlyForDeploymentPostprocessing = 0;
		};
/* End PBXSourcesBuildPhase section */

/* Begin PBXTargetDependency section */
		DA29EC1A241FB09D002E4900 /* PBXTargetDependency */ = {
			isa = PBXTargetDependency;
			target = DA29EBFC241FB09D002E4900 /* RunTime-msgsend */;
			targetProxy = DA29EC19241FB09D002E4900 /* PBXContainerItemProxy */;
		};
		DA29EC25241FB09E002E4900 /* PBXTargetDependency */ = {
			isa = PBXTargetDependency;
			target = DA29EBFC241FB09D002E4900 /* RunTime-msgsend */;
			targetProxy = DA29EC24241FB09E002E4900 /* PBXContainerItemProxy */;
		};
/* End PBXTargetDependency section */

/* Begin PBXVariantGroup section */
		DA29EC09241FB09D002E4900 /* Main.storyboard */ = {
			isa = PBXVariantGroup;
			children = (
				DA29EC0A241FB09D002E4900 /* Base */,
			);
			name = Main.storyboard;
			sourceTree = "<group>";
		};
		DA29EC0E241FB09D002E4900 /* LaunchScreen.storyboard */ = {
			isa = PBXVariantGroup;
			children = (
				DA29EC0F241FB09D002E4900 /* Base */,
			);
			name = LaunchScreen.storyboard;
			sourceTree = "<group>";
		};
/* End PBXVariantGroup section */

/* Begin XCBuildConfiguration section */
		DA29EC2A241FB09E002E4900 /* Debug */ = {
			isa = XCBuildConfiguration;
			buildSettings = {
				ALWAYS_SEARCH_USER_PATHS = NO;
				CLANG_ANALYZER_NONNULL = YES;
				CLANG_ANALYZER_NUMBER_OBJECT_CONVERSION = YES_AGGRESSIVE;
				CLANG_CXX_LANGUAGE_STANDARD = "gnu++14";
				CLANG_CXX_LIBRARY = "libc++";
				CLANG_ENABLE_MODULES = YES;
				CLANG_ENABLE_OBJC_ARC = YES;
				CLANG_ENABLE_OBJC_WEAK = YES;
				CLANG_WARN_BLOCK_CAPTURE_AUTORELEASING = YES;
				CLANG_WARN_BOOL_CONVERSION = YES;
				CLANG_WARN_COMMA = YES;
				CLANG_WARN_CONSTANT_CONVERSION = YES;
				CLANG_WARN_DEPRECATED_OBJC_IMPLEMENTATIONS = YES;
				CLANG_WARN_DIRECT_OBJC_ISA_USAGE = YES_ERROR;
				CLANG_WARN_DOCUMENTATION_COMMENTS = YES;
				CLANG_WARN_EMPTY_BODY = YES;
				CLANG_WARN_ENUM_CONVERSION = YES;
				CLANG_WARN_INFINITE_RECURSION = YES;
				CLANG_WARN_INT_CONVERSION = YES;
				CLANG_WARN_NON_LITERAL_NULL_CONVERSION = YES;
				CLANG_WARN_OBJC_IMPLICIT_RETAIN_SELF = YES;
				CLANG_WARN_OBJC_LITERAL_CONVERSION = YES;
				CLANG_WARN_OBJC_ROOT_CLASS = YES_ERROR;
				CLANG_WARN_RANGE_LOOP_ANALYSIS = YES;
				CLANG_WARN_STRICT_PROTOTYPES = YES;
				CLANG_WARN_SUSPICIOUS_MOVE = YES;
				CLANG_WARN_UNGUARDED_AVAILABILITY = YES_AGGRESSIVE;
				CLANG_WARN_UNREACHABLE_CODE = YES;
				CLANG_WARN__DUPLICATE_METHOD_MATCH = YES;
				COPY_PHASE_STRIP = NO;
				DEBUG_INFORMATION_FORMAT = dwarf;
				ENABLE_STRICT_OBJC_MSGSEND = YES;
				ENABLE_TESTABILITY = YES;
				GCC_C_LANGUAGE_STANDARD = gnu11;
				GCC_DYNAMIC_NO_PIC = NO;
				GCC_NO_COMMON_BLOCKS = YES;
				GCC_OPTIMIZATION_LEVEL = 0;
				GCC_PREPROCESSOR_DEFINITIONS = (
					"DEBUG=1",
					"$(inherited)",
				);
				GCC_WARN_64_TO_32_BIT_CONVERSION = YES;
				GCC_WARN_ABOUT_RETURN_TYPE = YES_ERROR;
				GCC_WARN_UNDECLARED_SELECTOR = YES;
				GCC_WARN_UNINITIALIZED_AUTOS = YES_AGGRESSIVE;
				GCC_WARN_UNUSED_FUNCTION = YES;
				GCC_WARN_UNUSED_VARIABLE = YES;
				IPHONEOS_DEPLOYMENT_TARGET = 13.1;
				MTL_ENABLE_DEBUG_INFO = INCLUDE_SOURCE;
				MTL_FAST_MATH = YES;
				ONLY_ACTIVE_ARCH = YES;
				SDKROOT = iphoneos;
			};
			name = Debug;
		};
		DA29EC2B241FB09E002E4900 /* Release */ = {
			isa = XCBuildConfiguration;
			buildSettings = {
				ALWAYS_SEARCH_USER_PATHS = NO;
				CLANG_ANALYZER_NONNULL = YES;
				CLANG_ANALYZER_NUMBER_OBJECT_CONVERSION = YES_AGGRESSIVE;
				CLANG_CXX_LANGUAGE_STANDARD = "gnu++14";
				CLANG_CXX_LIBRARY = "libc++";
				CLANG_ENABLE_MODULES = YES;
				CLANG_ENABLE_OBJC_ARC = YES;
				CLANG_ENABLE_OBJC_WEAK = YES;
				CLANG_WARN_BLOCK_CAPTURE_AUTORELEASING = YES;
				CLANG_WARN_BOOL_CONVERSION = YES;
				CLANG_WARN_COMMA = YES;
				CLANG_WARN_CONSTANT_CONVERSION = YES;
				CLANG_WARN_DEPRECATED_OBJC_IMPLEMENTATIONS = YES;
				CLANG_WARN_DIRECT_OBJC_ISA_USAGE = YES_ERROR;
				CLANG_WARN_DOCUMENTATION_COMMENTS = YES;
				CLANG_WARN_EMPTY_BODY = YES;
				CLANG_WARN_ENUM_CONVERSION = YES;
				CLANG_WARN_INFINITE_RECURSION = YES;
				CLANG_WARN_INT_CONVERSION = YES;
				CLANG_WARN_NON_LITERAL_NULL_CONVERSION = YES;
				CLANG_WARN_OBJC_IMPLICIT_RETAIN_SELF = YES;
				CLANG_WARN_OBJC_LITERAL_CONVERSION = YES;
				CLANG_WARN_OBJC_ROOT_CLASS = YES_ERROR;
				CLANG_WARN_RANGE_LOOP_ANALYSIS = YES;
				CLANG_WARN_STRICT_PROTOTYPES = YES;
				CLANG_WARN_SUSPICIOUS_MOVE = YES;
				CLANG_WARN_UNGUARDED_AVAILABILITY = YES_AGGRESSIVE;
				CLANG_WARN_UNREACHABLE_CODE = YES;
				CLANG_WARN__DUPLICATE_METHOD_MATCH = YES;
				COPY_PHASE_STRIP = NO;
				DEBUG_INFORMATION_FORMAT = "dwarf-with-dsym";
				ENABLE_NS_ASSERTIONS = NO;
				ENABLE_STRICT_OBJC_MSGSEND = YES;
				GCC_C_LANGUAGE_STANDARD = gnu11;
				GCC_NO_COMMON_BLOCKS = YES;
				GCC_WARN_64_TO_32_BIT_CONVERSION = YES;
				GCC_WARN_ABOUT_RETURN_TYPE = YES_ERROR;
				GCC_WARN_UNDECLARED_SELECTOR = YES;
				GCC_WARN_UNINITIALIZED_AUTOS = YES_AGGRESSIVE;
				GCC_WARN_UNUSED_FUNCTION = YES;
				GCC_WARN_UNUSED_VARIABLE = YES;
				IPHONEOS_DEPLOYMENT_TARGET = 13.1;
				MTL_ENABLE_DEBUG_INFO = NO;
				MTL_FAST_MATH = YES;
				SDKROOT = iphoneos;
				VALIDATE_PRODUCT = YES;
			};
			name = Release;
		};
		DA29EC2D241FB09E002E4900 /* Debug */ = {
			isa = XCBuildConfiguration;
			buildSettings = {
				ASSETCATALOG_COMPILER_APPICON_NAME = AppIcon;
				CODE_SIGN_STYLE = Automatic;
				INFOPLIST_FILE = "RunTime-msgsend/Info.plist";
				LD_RUNPATH_SEARCH_PATHS = (
					"$(inherited)",
					"@executable_path/Frameworks",
				);
				PRODUCT_BUNDLE_IDENTIFIER = "cn.peiwenqin.RunTime-msgsend";
				PRODUCT_NAME = "$(TARGET_NAME)";
				TARGETED_DEVICE_FAMILY = "1,2";
			};
			name = Debug;
		};
		DA29EC2E241FB09E002E4900 /* Release */ = {
			isa = XCBuildConfiguration;
			buildSettings = {
				ASSETCATALOG_COMPILER_APPICON_NAME = AppIcon;
				CODE_SIGN_STYLE = Automatic;
				INFOPLIST_FILE = "RunTime-msgsend/Info.plist";
				LD_RUNPATH_SEARCH_PATHS = (
					"$(inherited)",
					"@executable_path/Frameworks",
				);
				PRODUCT_BUNDLE_IDENTIFIER = "cn.peiwenqin.RunTime-msgsend";
				PRODUCT_NAME = "$(TARGET_NAME)";
				TARGETED_DEVICE_FAMILY = "1,2";
			};
			name = Release;
		};
		DA29EC30241FB09E002E4900 /* Debug */ = {
			isa = XCBuildConfiguration;
			buildSettings = {
				BUNDLE_LOADER = "$(TEST_HOST)";
				CODE_SIGN_STYLE = Automatic;
				INFOPLIST_FILE = "RunTime-msgsendTests/Info.plist";
				IPHONEOS_DEPLOYMENT_TARGET = 13.1;
				LD_RUNPATH_SEARCH_PATHS = (
					"$(inherited)",
					"@executable_path/Frameworks",
					"@loader_path/Frameworks",
				);
				PRODUCT_BUNDLE_IDENTIFIER = "cn.peiwenqin.RunTime-msgsendTests";
				PRODUCT_NAME = "$(TARGET_NAME)";
				TARGETED_DEVICE_FAMILY = "1,2";
				TEST_HOST = "$(BUILT_PRODUCTS_DIR)/RunTime-msgsend.app/RunTime-msgsend";
			};
			name = Debug;
		};
		DA29EC31241FB09E002E4900 /* Release */ = {
			isa = XCBuildConfiguration;
			buildSettings = {
				BUNDLE_LOADER = "$(TEST_HOST)";
				CODE_SIGN_STYLE = Automatic;
				INFOPLIST_FILE = "RunTime-msgsendTests/Info.plist";
				IPHONEOS_DEPLOYMENT_TARGET = 13.1;
				LD_RUNPATH_SEARCH_PATHS = (
					"$(inherited)",
					"@executable_path/Frameworks",
					"@loader_path/Frameworks",
				);
				PRODUCT_BUNDLE_IDENTIFIER = "cn.peiwenqin.RunTime-msgsendTests";
				PRODUCT_NAME = "$(TARGET_NAME)";
				TARGETED_DEVICE_FAMILY = "1,2";
				TEST_HOST = "$(BUILT_PRODUCTS_DIR)/RunTime-msgsend.app/RunTime-msgsend";
			};
			name = Release;
		};
		DA29EC33241FB09E002E4900 /* Debug */ = {
			isa = XCBuildConfiguration;
			buildSettings = {
				CODE_SIGN_STYLE = Automatic;
				INFOPLIST_FILE = "RunTime-msgsendUITests/Info.plist";
				LD_RUNPATH_SEARCH_PATHS = (
					"$(inherited)",
					"@executable_path/Frameworks",
					"@loader_path/Frameworks",
				);
				PRODUCT_BUNDLE_IDENTIFIER = "cn.peiwenqin.RunTime-msgsendUITests";
				PRODUCT_NAME = "$(TARGET_NAME)";
				TARGETED_DEVICE_FAMILY = "1,2";
				TEST_TARGET_NAME = "RunTime-msgsend";
			};
			name = Debug;
		};
		DA29EC34241FB09E002E4900 /* Release */ = {
			isa = XCBuildConfiguration;
			buildSettings = {
				CODE_SIGN_STYLE = Automatic;
				INFOPLIST_FILE = "RunTime-msgsendUITests/Info.plist";
				LD_RUNPATH_SEARCH_PATHS = (
					"$(inherited)",
					"@executable_path/Frameworks",
					"@loader_path/Frameworks",
				);
				PRODUCT_BUNDLE_IDENTIFIER = "cn.peiwenqin.RunTime-msgsendUITests";
				PRODUCT_NAME = "$(TARGET_NAME)";
				TARGETED_DEVICE_FAMILY = "1,2";
				TEST_TARGET_NAME = "RunTime-msgsend";
			};
			name = Release;
		};
/* End XCBuildConfiguration section */

/* Begin XCConfigurationList section */
		DA29EBF8241FB09D002E4900 /* Build configuration list for PBXProject "RunTime-msgsend" */ = {
			isa = XCConfigurationList;
			buildConfigurations = (
				DA29EC2A241FB09E002E4900 /* Debug */,
				DA29EC2B241FB09E002E4900 /* Release */,
			);
			defaultConfigurationIsVisible = 0;
			defaultConfigurationName = Release;
		};
		DA29EC2C241FB09E002E4900 /* Build configuration list for PBXNativeTarget "RunTime-msgsend" */ = {
			isa = XCConfigurationList;
			buildConfigurations = (
				DA29EC2D241FB09E002E4900 /* Debug */,
				DA29EC2E241FB09E002E4900 /* Release */,
			);
			defaultConfigurationIsVisible = 0;
			defaultConfigurationName = Release;
		};
		DA29EC2F241FB09E002E4900 /* Build configuration list for PBXNativeTarget "RunTime-msgsendTests" */ = {
			isa = XCConfigurationList;
			buildConfigurations = (
				DA29EC30241FB09E002E4900 /* Debug */,
				DA29EC31241FB09E002E4900 /* Release */,
			);
			defaultConfigurationIsVisible = 0;
			defaultConfigurationName = Release;
		};
		DA29EC32241FB09E002E4900 /* Build configuration list for PBXNativeTarget "RunTime-msgsendUITests" */ = {
			isa = XCConfigurationList;
			buildConfigurations = (
				DA29EC33241FB09E002E4900 /* Debug */,
				DA29EC34241FB09E002E4900 /* Release */,
			);
			defaultConfigurationIsVisible = 0;
			defaultConfigurationName = Release;
		};
/* End XCConfigurationList section */
	};
	rootObject = DA29EBF5241FB09D002E4900 /* Project object */;
}
